
Microsoft Visual Studio Solution File, Format Version 12.00
# Visual Studio Version 16
VisualStudioVersion = 16.0.29721.120
MinimumVisualStudioVersion = 10.0.40219.1
Project("{FAE04EC0-301F-11D3-BF4B-00C04F79EFBC}") = "ReverseArray", "ReverseArray\ReverseArray.csproj", "{37DD1C1A-1407-4D8A-8736-4E0A263EA7E2}"
EndProject
Project("{FAE04EC0-301F-11D3-BF4B-00C04F79EFBC}") = "NestedLoops", "NestedLoops\NestedLoops.csproj", "{9578809F-5A09-43B2-8D6B-F1B1B552F129}"
EndProject
Project("{FAE04EC0-301F-11D3-BF4B-00C04F79EFBC}") = "CombinationsWithRepetition", "CombinationsWithRepetition\CombinationsWithRepetition.csproj", "{3CA08FF6-1974-4667-888F-621C49CECAEE}"
EndProject
Project("{FAE04EC0-301F-11D3-BF4B-00C04F79EFBC}") = "TowerOfHanoi", "TowerOfHanoi\TowerOfHanoi.csproj", "{F6549C6E-4762-4736-81E3-1C43AC5C99C3}"
EndProject
Project("{FAE04EC0-301F-11D3-BF4B-00C04F79EFBC}") = "CombinationsWithoutRepetition", "CombinationsWithoutRepetition\CombinationsWithoutRepetition.csproj", "{DBBA9694-4A4F-4DF1-92CD-5AC6B690E837}"
EndProject
Global
	GlobalSection(SolutionConfigurationPlatforms) = preSolution
		Debug|Any CPU = Debug|Any CPU
		Release|Any CPU = Release|Any CPU
	EndGlobalSection
	GlobalSection(ProjectConfigurationPlatforms) = postSolution
		{37DD1C1A-1407-4D8A-8736-4E0A263EA7E2}.Debug|Any CPU.ActiveCfg = Debug|Any CPU
		{37DD1C1A-1407-4D8A-8736-4E0A263EA7E2}.Debug|Any CPU.Build.0 = Debug|Any CPU
		{37DD1C1A-1407-4D8A-8736-4E0A263EA7E2}.Release|Any CPU.ActiveCfg = Release|Any CPU
		{37DD1C1A-1407-4D8A-8736-4E0A263EA7E2}.Release|Any CPU.Build.0 = Release|Any CPU
		{9578809F-5A09-43B2-8D6B-F1B1B552F129}.Debug|Any CPU.ActiveCfg = Debug|Any CPU
		{9578809F-5A09-43B2-8D6B-F1B1B552F129}.Debug|Any CPU.Build.0 = Debug|Any CPU
		{9578809F-5A09-43B2-8D6B-F1B1B552F129}.Release|Any CPU.ActiveCfg = Release|Any CPU
		{9578809F-5A09-43B2-8D6B-F1B1B552F129}.Release|Any CPU.Build.0 = Release|Any CPU
		{3CA08FF6-1974-4667-888F-621C49CECAEE}.Debug|Any CPU.ActiveCfg = Debug|Any CPU
		{3CA08FF6-1974-4667-888F-621C49CECAEE}.Debug|Any CPU.Build.0 = Debug|Any CPU
		{3CA08FF6-1974-4667-888F-621C49CECAEE}.Release|Any CPU.ActiveCfg = Release|Any CPU
		{3CA08FF6-1974-4667-888F-621C49CECAEE}.Release|Any CPU.Build.0 = Release|Any CPU
		{F6549C6E-4762-4736-81E3-1C43AC5C99C3}.Debug|Any CPU.ActiveCfg = Debug|Any CPU
		{F6549C6E-4762-4736-81E3-1C43AC5C99C3}.Debug|Any CPU.Build.0 = Debug|Any CPU
		{F6549C6E-4762-4736-81E3-1C43AC5C99C3}.Release|Any CPU.ActiveCfg = Release|Any CPU
		{F6549C6E-4762-4736-81E3-1C43AC5C99C3}.Release|Any CPU.Build.0 = Release|Any CPU
		{DBBA9694-4A4F-4DF1-92CD-5AC6B690E837}.Debug|Any CPU.ActiveCfg = Debug|Any CPU
		{DBBA9694-4A4F-4DF1-92CD-5AC6B690E837}.Debug|Any CPU.Build.0 = Debug|Any CPU
		{DBBA9694-4A4F-4DF1-92CD-5AC6B690E837}.Release|Any CPU.ActiveCfg = Release|Any CPU
		{DBBA9694-4A4F-4DF1-92CD-5AC6B690E837}.Release|Any CPU.Build.0 = Release|Any CPU
	EndGlobalSection
	GlobalSection(SolutionProperties) = preSolution
		HideSolutionNode = FALSE
	EndGlobalSection
	GlobalSection(ExtensibilityGlobals) = postSolution
		SolutionGuid = {9DBD7ADD-8C03-4DD1-A47D-F231882C5287}
	EndGlobalSection
EndGlobal
