
Microsoft Visual Studio Solution File, Format Version 12.00
# Visual Studio 15
VisualStudioVersion = 15.0.26124.0
MinimumVisualStudioVersion = 15.0.26124.0
Project("{FAE04EC0-301F-11D3-BF4B-00C04F79EFBC}") = "RecursiveFactorial", "RecursiveFactorial\RecursiveFactorial.csproj", "{9C15F894-A633-4AB9-94C8-C1D9AAC10A72}"
EndProject
Project("{FAE04EC0-301F-11D3-BF4B-00C04F79EFBC}") = "RecursiveDrawning", "RecursiveDrawning\RecursiveDrawning.csproj", "{F0640DC7-DEF9-43EA-BC3E-ACC2440EC4C2}"
EndProject
Project("{FAE04EC0-301F-11D3-BF4B-00C04F79EFBC}") = "Generating01Vectors", "Generating01Vectors\Generating01Vectors.csproj", "{0BE57677-1ADE-4A8C-A382-8AE04854E5C5}"
EndProject
Project("{FAE04EC0-301F-11D3-BF4B-00C04F79EFBC}") = "RecursiveArraySum", "RecursiveArraySum\RecursiveArraySum.csproj", "{66F614A1-096F-4AB7-965D-812EE2BF6B5F}"
EndProject
Project("{FAE04EC0-301F-11D3-BF4B-00C04F79EFBC}") = "GeneratingCombinations", "GeneratingCombinations\GeneratingCombinations.csproj", "{17E4B912-B8A1-40B4-8AF8-5190843695FC}"
EndProject
Project("{FAE04EC0-301F-11D3-BF4B-00C04F79EFBC}") = "8QueensPuzzle", "8QueensPuzzle\8QueensPuzzle.csproj", "{7C7054DA-A7DB-48DF-B3C6-9BB4B7601861}"
EndProject
Project("{FAE04EC0-301F-11D3-BF4B-00C04F79EFBC}") = "PathsInLabyrinth", "PathsInLabyrinth\PathsInLabyrinth.csproj", "{DF834571-705A-4994-97B1-8388CFE40F53}"
EndProject
Global
	GlobalSection(SolutionConfigurationPlatforms) = preSolution
		Debug|Any CPU = Debug|Any CPU
		Debug|x64 = Debug|x64
		Debug|x86 = Debug|x86
		Release|Any CPU = Release|Any CPU
		Release|x64 = Release|x64
		Release|x86 = Release|x86
	EndGlobalSection
	GlobalSection(SolutionProperties) = preSolution
		HideSolutionNode = FALSE
	EndGlobalSection
	GlobalSection(ProjectConfigurationPlatforms) = postSolution
		{9C15F894-A633-4AB9-94C8-C1D9AAC10A72}.Debug|Any CPU.ActiveCfg = Debug|Any CPU
		{9C15F894-A633-4AB9-94C8-C1D9AAC10A72}.Debug|Any CPU.Build.0 = Debug|Any CPU
		{9C15F894-A633-4AB9-94C8-C1D9AAC10A72}.Debug|x64.ActiveCfg = Debug|Any CPU
		{9C15F894-A633-4AB9-94C8-C1D9AAC10A72}.Debug|x64.Build.0 = Debug|Any CPU
		{9C15F894-A633-4AB9-94C8-C1D9AAC10A72}.Debug|x86.ActiveCfg = Debug|Any CPU
		{9C15F894-A633-4AB9-94C8-C1D9AAC10A72}.Debug|x86.Build.0 = Debug|Any CPU
		{9C15F894-A633-4AB9-94C8-C1D9AAC10A72}.Release|Any CPU.ActiveCfg = Release|Any CPU
		{9C15F894-A633-4AB9-94C8-C1D9AAC10A72}.Release|Any CPU.Build.0 = Release|Any CPU
		{9C15F894-A633-4AB9-94C8-C1D9AAC10A72}.Release|x64.ActiveCfg = Release|Any CPU
		{9C15F894-A633-4AB9-94C8-C1D9AAC10A72}.Release|x64.Build.0 = Release|Any CPU
		{9C15F894-A633-4AB9-94C8-C1D9AAC10A72}.Release|x86.ActiveCfg = Release|Any CPU
		{9C15F894-A633-4AB9-94C8-C1D9AAC10A72}.Release|x86.Build.0 = Release|Any CPU
		{F0640DC7-DEF9-43EA-BC3E-ACC2440EC4C2}.Debug|Any CPU.ActiveCfg = Debug|Any CPU
		{F0640DC7-DEF9-43EA-BC3E-ACC2440EC4C2}.Debug|Any CPU.Build.0 = Debug|Any CPU
		{F0640DC7-DEF9-43EA-BC3E-ACC2440EC4C2}.Debug|x64.ActiveCfg = Debug|Any CPU
		{F0640DC7-DEF9-43EA-BC3E-ACC2440EC4C2}.Debug|x64.Build.0 = Debug|Any CPU
		{F0640DC7-DEF9-43EA-BC3E-ACC2440EC4C2}.Debug|x86.ActiveCfg = Debug|Any CPU
		{F0640DC7-DEF9-43EA-BC3E-ACC2440EC4C2}.Debug|x86.Build.0 = Debug|Any CPU
		{F0640DC7-DEF9-43EA-BC3E-ACC2440EC4C2}.Release|Any CPU.ActiveCfg = Release|Any CPU
		{F0640DC7-DEF9-43EA-BC3E-ACC2440EC4C2}.Release|Any CPU.Build.0 = Release|Any CPU
		{F0640DC7-DEF9-43EA-BC3E-ACC2440EC4C2}.Release|x64.ActiveCfg = Release|Any CPU
		{F0640DC7-DEF9-43EA-BC3E-ACC2440EC4C2}.Release|x64.Build.0 = Release|Any CPU
		{F0640DC7-DEF9-43EA-BC3E-ACC2440EC4C2}.Release|x86.ActiveCfg = Release|Any CPU
		{F0640DC7-DEF9-43EA-BC3E-ACC2440EC4C2}.Release|x86.Build.0 = Release|Any CPU
		{0BE57677-1ADE-4A8C-A382-8AE04854E5C5}.Debug|Any CPU.ActiveCfg = Debug|Any CPU
		{0BE57677-1ADE-4A8C-A382-8AE04854E5C5}.Debug|Any CPU.Build.0 = Debug|Any CPU
		{0BE57677-1ADE-4A8C-A382-8AE04854E5C5}.Debug|x64.ActiveCfg = Debug|Any CPU
		{0BE57677-1ADE-4A8C-A382-8AE04854E5C5}.Debug|x64.Build.0 = Debug|Any CPU
		{0BE57677-1ADE-4A8C-A382-8AE04854E5C5}.Debug|x86.ActiveCfg = Debug|Any CPU
		{0BE57677-1ADE-4A8C-A382-8AE04854E5C5}.Debug|x86.Build.0 = Debug|Any CPU
		{0BE57677-1ADE-4A8C-A382-8AE04854E5C5}.Release|Any CPU.ActiveCfg = Release|Any CPU
		{0BE57677-1ADE-4A8C-A382-8AE04854E5C5}.Release|Any CPU.Build.0 = Release|Any CPU
		{0BE57677-1ADE-4A8C-A382-8AE04854E5C5}.Release|x64.ActiveCfg = Release|Any CPU
		{0BE57677-1ADE-4A8C-A382-8AE04854E5C5}.Release|x64.Build.0 = Release|Any CPU
		{0BE57677-1ADE-4A8C-A382-8AE04854E5C5}.Release|x86.ActiveCfg = Release|Any CPU
		{0BE57677-1ADE-4A8C-A382-8AE04854E5C5}.Release|x86.Build.0 = Release|Any CPU
		{66F614A1-096F-4AB7-965D-812EE2BF6B5F}.Debug|Any CPU.ActiveCfg = Debug|Any CPU
		{66F614A1-096F-4AB7-965D-812EE2BF6B5F}.Debug|Any CPU.Build.0 = Debug|Any CPU
		{66F614A1-096F-4AB7-965D-812EE2BF6B5F}.Debug|x64.ActiveCfg = Debug|Any CPU
		{66F614A1-096F-4AB7-965D-812EE2BF6B5F}.Debug|x64.Build.0 = Debug|Any CPU
		{66F614A1-096F-4AB7-965D-812EE2BF6B5F}.Debug|x86.ActiveCfg = Debug|Any CPU
		{66F614A1-096F-4AB7-965D-812EE2BF6B5F}.Debug|x86.Build.0 = Debug|Any CPU
		{66F614A1-096F-4AB7-965D-812EE2BF6B5F}.Release|Any CPU.ActiveCfg = Release|Any CPU
		{66F614A1-096F-4AB7-965D-812EE2BF6B5F}.Release|Any CPU.Build.0 = Release|Any CPU
		{66F614A1-096F-4AB7-965D-812EE2BF6B5F}.Release|x64.ActiveCfg = Release|Any CPU
		{66F614A1-096F-4AB7-965D-812EE2BF6B5F}.Release|x64.Build.0 = Release|Any CPU
		{66F614A1-096F-4AB7-965D-812EE2BF6B5F}.Release|x86.ActiveCfg = Release|Any CPU
		{66F614A1-096F-4AB7-965D-812EE2BF6B5F}.Release|x86.Build.0 = Release|Any CPU
		{17E4B912-B8A1-40B4-8AF8-5190843695FC}.Debug|Any CPU.ActiveCfg = Debug|Any CPU
		{17E4B912-B8A1-40B4-8AF8-5190843695FC}.Debug|Any CPU.Build.0 = Debug|Any CPU
		{17E4B912-B8A1-40B4-8AF8-5190843695FC}.Debug|x64.ActiveCfg = Debug|Any CPU
		{17E4B912-B8A1-40B4-8AF8-5190843695FC}.Debug|x64.Build.0 = Debug|Any CPU
		{17E4B912-B8A1-40B4-8AF8-5190843695FC}.Debug|x86.ActiveCfg = Debug|Any CPU
		{17E4B912-B8A1-40B4-8AF8-5190843695FC}.Debug|x86.Build.0 = Debug|Any CPU
		{17E4B912-B8A1-40B4-8AF8-5190843695FC}.Release|Any CPU.ActiveCfg = Release|Any CPU
		{17E4B912-B8A1-40B4-8AF8-5190843695FC}.Release|Any CPU.Build.0 = Release|Any CPU
		{17E4B912-B8A1-40B4-8AF8-5190843695FC}.Release|x64.ActiveCfg = Release|Any CPU
		{17E4B912-B8A1-40B4-8AF8-5190843695FC}.Release|x64.Build.0 = Release|Any CPU
		{17E4B912-B8A1-40B4-8AF8-5190843695FC}.Release|x86.ActiveCfg = Release|Any CPU
		{17E4B912-B8A1-40B4-8AF8-5190843695FC}.Release|x86.Build.0 = Release|Any CPU
		{7C7054DA-A7DB-48DF-B3C6-9BB4B7601861}.Debug|Any CPU.ActiveCfg = Debug|Any CPU
		{7C7054DA-A7DB-48DF-B3C6-9BB4B7601861}.Debug|Any CPU.Build.0 = Debug|Any CPU
		{7C7054DA-A7DB-48DF-B3C6-9BB4B7601861}.Debug|x64.ActiveCfg = Debug|Any CPU
		{7C7054DA-A7DB-48DF-B3C6-9BB4B7601861}.Debug|x64.Build.0 = Debug|Any CPU
		{7C7054DA-A7DB-48DF-B3C6-9BB4B7601861}.Debug|x86.ActiveCfg = Debug|Any CPU
		{7C7054DA-A7DB-48DF-B3C6-9BB4B7601861}.Debug|x86.Build.0 = Debug|Any CPU
		{7C7054DA-A7DB-48DF-B3C6-9BB4B7601861}.Release|Any CPU.ActiveCfg = Release|Any CPU
		{7C7054DA-A7DB-48DF-B3C6-9BB4B7601861}.Release|Any CPU.Build.0 = Release|Any CPU
		{7C7054DA-A7DB-48DF-B3C6-9BB4B7601861}.Release|x64.ActiveCfg = Release|Any CPU
		{7C7054DA-A7DB-48DF-B3C6-9BB4B7601861}.Release|x64.Build.0 = Release|Any CPU
		{7C7054DA-A7DB-48DF-B3C6-9BB4B7601861}.Release|x86.ActiveCfg = Release|Any CPU
		{7C7054DA-A7DB-48DF-B3C6-9BB4B7601861}.Release|x86.Build.0 = Release|Any CPU
		{DF834571-705A-4994-97B1-8388CFE40F53}.Debug|Any CPU.ActiveCfg = Debug|Any CPU
		{DF834571-705A-4994-97B1-8388CFE40F53}.Debug|Any CPU.Build.0 = Debug|Any CPU
		{DF834571-705A-4994-97B1-8388CFE40F53}.Debug|x64.ActiveCfg = Debug|Any CPU
		{DF834571-705A-4994-97B1-8388CFE40F53}.Debug|x64.Build.0 = Debug|Any CPU
		{DF834571-705A-4994-97B1-8388CFE40F53}.Debug|x86.ActiveCfg = Debug|Any CPU
		{DF834571-705A-4994-97B1-8388CFE40F53}.Debug|x86.Build.0 = Debug|Any CPU
		{DF834571-705A-4994-97B1-8388CFE40F53}.Release|Any CPU.ActiveCfg = Release|Any CPU
		{DF834571-705A-4994-97B1-8388CFE40F53}.Release|Any CPU.Build.0 = Release|Any CPU
		{DF834571-705A-4994-97B1-8388CFE40F53}.Release|x64.ActiveCfg = Release|Any CPU
		{DF834571-705A-4994-97B1-8388CFE40F53}.Release|x64.Build.0 = Release|Any CPU
		{DF834571-705A-4994-97B1-8388CFE40F53}.Release|x86.ActiveCfg = Release|Any CPU
		{DF834571-705A-4994-97B1-8388CFE40F53}.Release|x86.Build.0 = Release|Any CPU
	EndGlobalSection
EndGlobal
